<?xml version="1.0" encoding="utf-8"?>
<Project ToolsVersion="4.0" xmlns="http://schemas.microsoft.com/developer/msbuild/2003">
  <ItemGroup>
    <Filter Include="Source Files">
      <UniqueIdentifier>{4FC737F1-C7A5-4376-A066-2A32D752A2FF}</UniqueIdentifier>
      <Extensions>cpp;c;cc;cxx;def;odl;idl;hpj;bat;asm;asmx</Extensions>
    </Filter>
    <Filter Include="Header Files">
      <UniqueIdentifier>{93995380-89BD-4b04-88EB-625FBE52EBFB}</UniqueIdentifier>
      <Extensions>h;hh;hpp;hxx;hm;inl;inc;xsd</Extensions>
    </Filter>
    <Filter Include="Resource Files">
      <UniqueIdentifier>{67DA6AB6-F800-4c08-8B7A-83BB121AAD01}</UniqueIdentifier>
      <Extensions>rc;ico;cur;bmp;dlg;rc2;rct;bin;rgs;gif;jpg;jpeg;jpe;resx;tiff;tif;png;wav;mfcribbon-ms</Extensions>
    </Filter>
  </ItemGroup>
  <ItemGroup>
    <ClCompile Include="$(SrcPath)about.cpp">
      <Filter>Source Files</Filter>
    </ClCompile>
    <ClCompile Include="$(SrcPath)audio_capture_status.cpp">
      <Filter>Source Files</Filter>
    </ClCompile>
    <ClCompile Include="$(SrcPath)consoleHandler.cpp">
      <Filter>Source Files</Filter>
    </ClCompile>
    <ClCompile Include="$(SrcPath)debugDlg.cpp">
      <Filter>Source Files</Filter>
    </ClCompile>
    <ClCompile Include="$(SrcPath)dispvector.cpp">
      <Filter>Source Files</Filter>
    </ClCompile>
    <ClCompile Include="$(SrcPath)histDlg.cpp">
      <Filter>Source Files</Filter>
    </ClCompile>
    <ClCompile Include="$(SrcPath)loadsave.cpp">
      <Filter>Source Files</Filter>
    </ClCompile>
    <ClCompile Include="$(SrcPath)showvar.cpp">
      <Filter>Source Files</Filter>
    </ClCompile>
    <ClCompile Include="$(SrcPath)TabCtrl.cpp">
      <Filter>Source Files</Filter>
    </ClCompile>
    <ClCompile Include="$(SrcPath)xcom.cpp">
      <Filter>Source Files</Filter>
    </ClCompile>
  </ItemGroup>
  <ItemGroup>
    <ClInclude Include="$(SrcPath)audio_capture_status.h">
      <Filter>Header Files</Filter>
    </ClInclude>
    <ClInclude Include="$(SrcPath)consts.h">
      <Filter>Header Files</Filter>
    </ClInclude>
    <ClInclude Include="$(SrcPath)debugDlg.h">
      <Filter>Header Files</Filter>
    </ClInclude>
    <ClInclude Include="$(SrcPath)histDlg.h">
      <Filter>Header Files</Filter>
    </ClInclude>
    <ClInclude Include="$(SrcPath)msgcrack.h">
      <Filter>Header Files</Filter>
    </ClInclude>
    <ClInclude Include="$(SrcPath)resource1.h">
      <Filter>Header Files</Filter>
    </ClInclude>
    <ClInclude Include="$(SrcPath)showvar.h">
      <Filter>Header Files</Filter>
    </ClInclude>
    <ClInclude Include="$(SrcPath)TabCtrl.h">
      <Filter>Header Files</Filter>
    </ClInclude>
    <ClInclude Include="$(SrcPath)xcom.h">
      <Filter>Header Files</Filter>
    </ClInclude>
  </ItemGroup>
  <ItemGroup>
    <Image Include="$(SrcPath)STOP.bmp">
      <Filter>Resource Files</Filter>
    </Image>
    <Image Include="$(SrcPath)xcom.bmp">
      <Filter>Resource Files</Filter>
    </Image>
    <Image Include="$(SrcPath)xcom.ico">
      <Filter>Resource Files</Filter>
    </Image>
    <Image Include="$(SrcPath)xcom.jpg">
      <Filter>Resource Files</Filter>
    </Image>
    <Image Include="xcom\refresh.bmp">
      <Filter>Resource Files</Filter>
    </Image>
    <Image Include="xcom\debug-bj.bmp">
      <Filter>Resource Files</Filter>
    </Image>
    <Image Include="xcom\axl-open.bmp">
      <Filter>Resource Files</Filter>
    </Image>
    <Image Include="xcom\axl-save.bmp">
      <Filter>Resource Files</Filter>
    </Image>
    <Image Include="$(SrcPath)stop2.bmp">
      <Filter>Source Files</Filter>
    </Image>
  </ItemGroup>
  <ItemGroup>
    <ResourceCompile Include="$(SrcPath)xcom1.rc">
      <Filter>Resource Files</Filter>
    </ResourceCompile>
  </ItemGroup>
</Project>