<?xml version="1.0" encoding="utf-8"?>
<Project ToolsVersion="4.0" xmlns="http://schemas.microsoft.com/developer/msbuild/2003">
  <ItemGroup>
    <Filter Include="Source Files">
      <UniqueIdentifier>{4FC737F1-C7A5-4376-A066-2A32D752A2FF}</UniqueIdentifier>
      <Extensions>cpp;c;cc;cxx;def;odl;idl;hpj;bat;asm;asmx</Extensions>
    </Filter>
    <Filter Include="Header Files">
      <UniqueIdentifier>{93995380-89BD-4b04-88EB-625FBE52EBFB}</UniqueIdentifier>
      <Extensions>h;hpp;hxx;hm;inl;inc;xsd</Extensions>
    </Filter>
    <Filter Include="Resource Files">
      <UniqueIdentifier>{67DA6AB6-F800-4c08-8B7A-83BB121AAD01}</UniqueIdentifier>
      <Extensions>rc;ico;cur;bmp;dlg;rc2;rct;bin;rgs;gif;jpg;jpeg;jpe;resx;tiff;tif;png;wav;mfcribbon-ms</Extensions>
    </Filter>
    <Filter Include="Source Files\_functions">
      <UniqueIdentifier>{4571d413-ec54-41cf-8000-53aa339fcb3b}</UniqueIdentifier>
    </Filter>
  </ItemGroup>
  <ItemGroup>
    <ClCompile Include="$(SrcPath)caudio.cpp">
      <Filter>Source Files</Filter>
    </ClCompile>
    <ClCompile Include="$(SrcPath)AuxFunc.cpp">
      <Filter>Source Files</Filter>
    </ClCompile>
    <ClCompile Include="$(SrcPath)csignals.cpp">
      <Filter>Source Files</Filter>
    </ClCompile>
    <ClCompile Include="$(SrcPath)AstSig.cpp">
      <Filter>Source Files</Filter>
    </ClCompile>
    <ClCompile Include="$(SrcPath)AstSig2.cpp">
      <Filter>Source Files</Filter>
    </ClCompile>
    <ClCompile Include="$(SrcPath)AstExceptions.cpp">
      <Filter>Source Files</Filter>
    </ClCompile>
    <ClCompile Include="$(SrcPath)matOperations.cpp">
      <Filter>Source Files</Filter>
    </ClCompile>
    <ClCompile Include="$(SrcPath)psycon.tab.c">
      <Filter>Source Files</Filter>
    </ClCompile>
    <ClCompile Include="$(SrcPath)psycon.yy.c">
      <Filter>Source Files</Filter>
    </ClCompile>
    <ClCompile Include="$(SrcPath)Built_in_Funcs.cpp">
      <Filter>Source Files</Filter>
    </ClCompile>
    <ClCompile Include="$(SrcPath)operators.cpp">
      <Filter>Source Files</Filter>
    </ClCompile>
    <ClCompile Include="$(SrcPath)vartypes.cpp">
      <Filter>Source Files</Filter>
    </ClCompile>
    <ClCompile Include="$(SrcPath)support.cpp">
      <Filter>Source Files</Filter>
    </ClCompile>
    <ClCompile Include="$(SrcPath)_func\_iir.cpp">
      <Filter>Source Files\_functions</Filter>
    </ClCompile>
    <ClCompile Include="$(SrcPath)_func\_minmax.cpp">
      <Filter>Source Files\_functions</Filter>
    </ClCompile>
    <ClCompile Include="$(SrcPath)_func\_tparamonly.cpp">
      <Filter>Source Files\_functions</Filter>
    </ClCompile>
    <ClCompile Include="$(SrcPath)_func\rand.cpp">
      <Filter>Source Files\_functions</Filter>
    </ClCompile>
    <ClCompile Include="$(SrcPath)_func\printf.cpp">
      <Filter>Source Files\_functions</Filter>
    </ClCompile>
    <ClCompile Include="$(SrcPath)_func\play_record.cpp">
      <Filter>Source Files\_functions</Filter>
    </ClCompile>
    <ClCompile Include="$(SrcPath)_func\err_warning_throw.cpp">
      <Filter>Source Files\_functions</Filter>
    </ClCompile>
    <ClCompile Include="$(SrcPath)_func\_dir.cpp">
      <Filter>Source Files\_functions</Filter>
    </ClCompile>
    <ClCompile Include="$(SrcPath)_func\_matrix.cpp">
      <Filter>Source Files\_functions</Filter>
    </ClCompile>
    <ClCompile Include="$(SrcPath)_func\interp.cpp">
      <Filter>Source Files\_functions</Filter>
    </ClCompile>
    <ClCompile Include="$(SrcPath)_func\eval_include.cpp">
      <Filter>Source Files\_functions</Filter>
    </ClCompile>
    <ClCompile Include="$(SrcPath)_func\_fdelete.cpp">
      <Filter>Source Files\_functions</Filter>
    </ClCompile>
    <ClCompile Include="$(SrcPath)_func\isfuncs.cpp">
      <Filter>Source Files\_functions</Filter>
    </ClCompile>
    <ClCompile Include="$(SrcPath)_func\fft.cpp">
      <Filter>Source Files\_functions</Filter>
    </ClCompile>
    <ClCompile Include="$(SrcPath)_func\tone_fm.cpp">
      <Filter>Source Files\_functions</Filter>
    </ClCompile>
    <ClCompile Include="$(SrcPath)_func\tsq.cpp">
      <Filter>Source Files\_functions</Filter>
    </ClCompile>
    <ClCompile Include="$(SrcPath)_func\type_same.cpp">
      <Filter>Source Files\_functions</Filter>
    </ClCompile>
    <ClCompile Include="$(SrcPath)_func\and_or_sort.cpp">
      <Filter>Source Files\_functions</Filter>
    </ClCompile>
    <ClCompile Include="$(SrcPath)_func\_arraybasic.cpp">
      <Filter>Source Files\_functions</Filter>
    </ClCompile>
    <ClCompile Include="$(SrcPath)_func\_str2num.cpp">
      <Filter>Source Files\_functions</Filter>
    </ClCompile>
    <ClCompile Include="$(SrcPath)_func\windowing.cpp">
      <Filter>Source Files\_functions</Filter>
    </ClCompile>
    <ClCompile Include="$(SrcPath)_func\hilb_env.cpp">
      <Filter>Source Files\_functions</Filter>
    </ClCompile>
    <ClCompile Include="$(SrcPath)_func\lr_aud_vec.cpp">
      <Filter>Source Files\_functions</Filter>
    </ClCompile>
    <ClCompile Include="$(SrcPath)_func\_setnextchan.cpp">
      <Filter>Source Files\_functions</Filter>
    </ClCompile>
    <ClCompile Include="$(SrcPath)_func\getsetfs.cpp">
      <Filter>Source Files\_functions</Filter>
    </ClCompile>
    <ClCompile Include="$(SrcPath)_func\cell_func.cpp">
      <Filter>Source Files\_functions</Filter>
    </ClCompile>
    <ClCompile Include="$(SrcPath)_func\ones_z.cpp">
      <Filter>Source Files\_functions</Filter>
    </ClCompile>
    <ClCompile Include="$(SrcPath)_func\filt.cpp">
      <Filter>Source Files\_functions</Filter>
    </ClCompile>
    <ClCompile Include="$(SrcPath)_func\sharps.cpp">
      <Filter>Source Files\_functions</Filter>
    </ClCompile>
    <ClCompile Include="$(SrcPath)AuxFunc_file.cpp">
      <Filter>Source Files\_functions</Filter>
    </ClCompile>
  </ItemGroup>
  <ItemGroup>
    <ClInclude Include="$(SrcPath)caux.h">
      <Filter>Header Files</Filter>
    </ClInclude>
    <ClInclude Include="$(SrcPath)psycon.tab.h">
      <Filter>Header Files</Filter>
    </ClInclude>
    <ClInclude Include="$(SrcPath)psycon.yacc.h">
      <Filter>Header Files</Filter>
    </ClInclude>
    <ClInclude Include="$(SrcPath)aux_classes.h">
      <Filter>Header Files</Filter>
    </ClInclude>
    <ClInclude Include="$(SrcPath)resource.h">
      <Filter>Header Files</Filter>
    </ClInclude>
    <ClInclude Include="$(SrcPath)samplerate.h">
      <Filter>Header Files</Filter>
    </ClInclude>
    <ClInclude Include="$(SrcPath)sigplus_internal.h">
      <Filter>Header Files</Filter>
    </ClInclude>
    <ClInclude Include="$(SrcPath)sigproc.h">
      <Filter>Header Files</Filter>
    </ClInclude>
    <ClInclude Include="$(SrcPath)sigproc_internal.h">
      <Filter>Header Files</Filter>
    </ClInclude>
  </ItemGroup>
</Project>