<?xml version="1.0" encoding="utf-8"?>
<Project ToolsVersion="4.0" xmlns="http://schemas.microsoft.com/developer/msbuild/2003">
  <ItemGroup>
    <Filter Include="Source Files">
      <UniqueIdentifier>{4FC737F1-C7A5-4376-A066-2A32D752A2FF}</UniqueIdentifier>
      <Extensions>cpp;c;cc;cxx;def;odl;idl;hpj;bat;asm;asmx</Extensions>
    </Filter>
    <Filter Include="Header Files">
      <UniqueIdentifier>{93995380-89BD-4b04-88EB-625FBE52EBFB}</UniqueIdentifier>
      <Extensions>h;hpp;hxx;hm;inl;inc;xsd</Extensions>
    </Filter>
    <Filter Include="Resource Files">
      <UniqueIdentifier>{67DA6AB6-F800-4c08-8B7A-83BB121AAD01}</UniqueIdentifier>
      <Extensions>rc;ico;cur;bmp;dlg;rc2;rct;bin;rgs;gif;jpg;jpeg;jpe;resx;tiff;tif;png;wav;mfcribbon-ms</Extensions>
    </Filter>
  </ItemGroup>
  <ItemGroup>
    <ResourceCompile Include="$(SourceDir)version-metadata.rc">
      <Filter>Resource Files</Filter>
    </ResourceCompile>
  </ItemGroup>
  <ItemGroup>
    <ClCompile Include="$(SourceDir)GSM610\add.c">
      <Filter>Source Files</Filter>
    </ClCompile>
    <ClCompile Include="$(SourceDir)common.c">
      <Filter>Source Files</Filter>
    </ClCompile>
    <ClCompile Include="$(SourceDir)aiff.c">
      <Filter>Source Files</Filter>
    </ClCompile>
    <ClCompile Include="$(SourceDir)alac.c">
      <Filter>Source Files</Filter>
    </ClCompile>
    <ClCompile Include="$(SourceDir)alaw.c">
      <Filter>Source Files</Filter>
    </ClCompile>
    <ClCompile Include="$(SourceDir)au.c">
      <Filter>Source Files</Filter>
    </ClCompile>
    <ClCompile Include="$(SourceDir)audio_detect.c">
      <Filter>Source Files</Filter>
    </ClCompile>
    <ClCompile Include="$(SourceDir)avr.c">
      <Filter>Source Files</Filter>
    </ClCompile>
    <ClCompile Include="$(SourceDir)broadcast.c">
      <Filter>Source Files</Filter>
    </ClCompile>
    <ClCompile Include="$(SourceDir)caf.c">
      <Filter>Source Files</Filter>
    </ClCompile>
    <ClCompile Include="$(SourceDir)cart.c">
      <Filter>Source Files</Filter>
    </ClCompile>
    <ClCompile Include="$(SourceDir)chanmap.c">
      <Filter>Source Files</Filter>
    </ClCompile>
    <ClCompile Include="$(SourceDir)chunk.c">
      <Filter>Source Files</Filter>
    </ClCompile>
    <ClCompile Include="$(SourceDir)command.c">
      <Filter>Source Files</Filter>
    </ClCompile>
    <ClCompile Include="$(SourceDir)double64.c">
      <Filter>Source Files</Filter>
    </ClCompile>
    <ClCompile Include="$(SourceDir)dwd.c">
      <Filter>Source Files</Filter>
    </ClCompile>
    <ClCompile Include="$(SourceDir)dwvw.c">
      <Filter>Source Files</Filter>
    </ClCompile>
    <ClCompile Include="$(SourceDir)file_io.c">
      <Filter>Source Files</Filter>
    </ClCompile>
    <ClCompile Include="$(SourceDir)flac.c">
      <Filter>Source Files</Filter>
    </ClCompile>
    <ClCompile Include="$(SourceDir)float32.c">
      <Filter>Source Files</Filter>
    </ClCompile>
    <ClCompile Include="$(SourceDir)g72x.c">
      <Filter>Source Files</Filter>
    </ClCompile>
    <ClCompile Include="$(SourceDir)gsm610.c">
      <Filter>Source Files</Filter>
    </ClCompile>
    <ClCompile Include="$(SourceDir)id3.c">
      <Filter>Source Files</Filter>
    </ClCompile>
    <ClCompile Include="$(SourceDir)ima_adpcm.c">
      <Filter>Source Files</Filter>
    </ClCompile>
    <ClCompile Include="$(SourceDir)ima_oki_adpcm.c">
      <Filter>Source Files</Filter>
    </ClCompile>
    <ClCompile Include="$(SourceDir)interleave.c">
      <Filter>Source Files</Filter>
    </ClCompile>
    <ClCompile Include="$(SourceDir)ircam.c">
      <Filter>Source Files</Filter>
    </ClCompile>
    <ClCompile Include="$(SourceDir)mat4.c">
      <Filter>Source Files</Filter>
    </ClCompile>
    <ClCompile Include="$(SourceDir)mat5.c">
      <Filter>Source Files</Filter>
    </ClCompile>
    <ClCompile Include="$(SourceDir)ms_adpcm.c">
      <Filter>Source Files</Filter>
    </ClCompile>
    <ClCompile Include="$(SourceDir)nist.c">
      <Filter>Source Files</Filter>
    </ClCompile>
    <ClCompile Include="$(SourceDir)ogg.c">
      <Filter>Source Files</Filter>
    </ClCompile>
    <ClCompile Include="$(SourceDir)ogg_opus.c">
      <Filter>Source Files</Filter>
    </ClCompile>
    <ClCompile Include="$(SourceDir)ogg_pcm.c">
      <Filter>Source Files</Filter>
    </ClCompile>
    <ClCompile Include="$(SourceDir)ogg_speex.c">
      <Filter>Source Files</Filter>
    </ClCompile>
    <ClCompile Include="$(SourceDir)ogg_vorbis.c">
      <Filter>Source Files</Filter>
    </ClCompile>
    <ClCompile Include="$(SourceDir)paf.c">
      <Filter>Source Files</Filter>
    </ClCompile>
    <ClCompile Include="$(SourceDir)pcm.c">
      <Filter>Source Files</Filter>
    </ClCompile>
    <ClCompile Include="$(SourceDir)rf64.c">
      <Filter>Source Files</Filter>
    </ClCompile>
    <ClCompile Include="$(SourceDir)rx2.c">
      <Filter>Source Files</Filter>
    </ClCompile>
    <ClCompile Include="$(SourceDir)sd2.c">
      <Filter>Source Files</Filter>
    </ClCompile>
    <ClCompile Include="$(SourceDir)sds.c">
      <Filter>Source Files</Filter>
    </ClCompile>
    <ClCompile Include="$(SourceDir)sndfile.c">
      <Filter>Source Files</Filter>
    </ClCompile>
    <ClCompile Include="$(SourceDir)strings.c">
      <Filter>Source Files</Filter>
    </ClCompile>
    <ClCompile Include="$(SourceDir)svx.c">
      <Filter>Source Files</Filter>
    </ClCompile>
    <ClCompile Include="$(SourceDir)txw.c">
      <Filter>Source Files</Filter>
    </ClCompile>
    <ClCompile Include="$(SourceDir)ulaw.c">
      <Filter>Source Files</Filter>
    </ClCompile>
    <ClCompile Include="$(SourceDir)voc.c">
      <Filter>Source Files</Filter>
    </ClCompile>
    <ClCompile Include="$(SourceDir)vox_adpcm.c">
      <Filter>Source Files</Filter>
    </ClCompile>
    <ClCompile Include="$(SourceDir)w64.c">
      <Filter>Source Files</Filter>
    </ClCompile>
    <ClCompile Include="$(SourceDir)wav.c">
      <Filter>Source Files</Filter>
    </ClCompile>
    <ClCompile Include="$(SourceDir)xi.c">
      <Filter>Source Files</Filter>
    </ClCompile>
    <ClCompile Include="$(SourceDir)raw.c">
      <Filter>Source Files</Filter>
    </ClCompile>
    <ClCompile Include="$(SourceDir)dither.c">
      <Filter>Source Files</Filter>
    </ClCompile>
    <ClCompile Include="$(SourceDir)htk.c">
      <Filter>Source Files</Filter>
    </ClCompile>
    <ClCompile Include="$(SourceDir)macos.c">
      <Filter>Source Files</Filter>
    </ClCompile>
    <ClCompile Include="$(SourceDir)mpc2k.c">
      <Filter>Source Files</Filter>
    </ClCompile>
    <ClCompile Include="$(SourceDir)pvf.c">
      <Filter>Source Files</Filter>
    </ClCompile>
    <ClCompile Include="$(SourceDir)windows.c">
      <Filter>Source Files</Filter>
    </ClCompile>
    <ClCompile Include="$(SourceDir)wve.c">
      <Filter>Source Files</Filter>
    </ClCompile>
    <ClCompile Include="$(SourceDir)G72x\g721.c">
      <Filter>Source Files</Filter>
    </ClCompile>
    <ClCompile Include="$(SourceDir)G72x\g723_16.c">
      <Filter>Source Files</Filter>
    </ClCompile>
    <ClCompile Include="$(SourceDir)G72x\g723_24.c">
      <Filter>Source Files</Filter>
    </ClCompile>
    <ClCompile Include="$(SourceDir)G72x\g723_40.c">
      <Filter>Source Files</Filter>
    </ClCompile>
    <ClCompile Include="$(SourceDir)G72x\g72xsun.c">
      <Filter>Source Files</Filter>
    </ClCompile>
    <ClCompile Include="$(SourceDir)ALAC\ag_dec.c">
      <Filter>Source Files</Filter>
    </ClCompile>
    <ClCompile Include="$(SourceDir)ALAC\ag_enc.c">
      <Filter>Source Files</Filter>
    </ClCompile>
    <ClCompile Include="$(SourceDir)ALAC\alac_decoder.c">
      <Filter>Source Files</Filter>
    </ClCompile>
    <ClCompile Include="$(SourceDir)ALAC\alac_encoder.c">
      <Filter>Source Files</Filter>
    </ClCompile>
    <ClCompile Include="$(SourceDir)ALAC\ALACBitUtilities.c">
      <Filter>Source Files</Filter>
    </ClCompile>
    <ClCompile Include="$(SourceDir)ALAC\dp_dec.c">
      <Filter>Source Files</Filter>
    </ClCompile>
    <ClCompile Include="$(SourceDir)ALAC\dp_enc.c">
      <Filter>Source Files</Filter>
    </ClCompile>
    <ClCompile Include="$(SourceDir)ALAC\matrix_dec.c">
      <Filter>Source Files</Filter>
    </ClCompile>
    <ClCompile Include="$(SourceDir)ALAC\matrix_enc.c">
      <Filter>Source Files</Filter>
    </ClCompile>
    <ClCompile Include="$(SourceDir)GSM610\code.c">
      <Filter>Source Files</Filter>
    </ClCompile>
    <ClCompile Include="$(SourceDir)GSM610\decode.c">
      <Filter>Source Files</Filter>
    </ClCompile>
    <ClCompile Include="$(SourceDir)GSM610\gsm_create.c">
      <Filter>Source Files</Filter>
    </ClCompile>
    <ClCompile Include="$(SourceDir)GSM610\gsm_decode.c">
      <Filter>Source Files</Filter>
    </ClCompile>
    <ClCompile Include="$(SourceDir)GSM610\gsm_destroy.c">
      <Filter>Source Files</Filter>
    </ClCompile>
    <ClCompile Include="$(SourceDir)GSM610\gsm_encode.c">
      <Filter>Source Files</Filter>
    </ClCompile>
    <ClCompile Include="$(SourceDir)GSM610\gsm_option.c">
      <Filter>Source Files</Filter>
    </ClCompile>
    <ClCompile Include="$(SourceDir)GSM610\long_term.c">
      <Filter>Source Files</Filter>
    </ClCompile>
    <ClCompile Include="$(SourceDir)GSM610\lpc.c">
      <Filter>Source Files</Filter>
    </ClCompile>
    <ClCompile Include="$(SourceDir)GSM610\preprocess.c">
      <Filter>Source Files</Filter>
    </ClCompile>
    <ClCompile Include="$(SourceDir)GSM610\rpe.c">
      <Filter>Source Files</Filter>
    </ClCompile>
    <ClCompile Include="$(SourceDir)GSM610\short_term.c">
      <Filter>Source Files</Filter>
    </ClCompile>
    <ClCompile Include="$(SourceDir)GSM610\table.c">
      <Filter>Source Files</Filter>
    </ClCompile>
    <ClCompile Include="$(SourceDir)wavlike.c">
      <Filter>Source Files</Filter>
    </ClCompile>
  </ItemGroup>
  <ItemGroup>
    <ClInclude Include="$(SourceDir)common.h">
      <Filter>Header Files</Filter>
    </ClInclude>
    <ClInclude Include="$(SourceDir)sfconfig.h">
      <Filter>Header Files</Filter>
    </ClInclude>
    <ClInclude Include="$(SourceDir)sfendian.h">
      <Filter>Header Files</Filter>
    </ClInclude>
    <ClInclude Include="$(SourceDir)wav_w64.h">
      <Filter>Header Files</Filter>
    </ClInclude>
    <ClInclude Include="$(SourceDir)ima_oki_adpcm.h">
      <Filter>Header Files</Filter>
    </ClInclude>
    <ClInclude Include="$(SourceDir)ogg.h">
      <Filter>Header Files</Filter>
    </ClInclude>
    <ClInclude Include="$(SourceDir)chanmap.h">
      <Filter>Header Files</Filter>
    </ClInclude>
    <ClInclude Include="$(SourceDir)sf_unistd.h">
      <Filter>Header Files</Filter>
    </ClInclude>
    <ClInclude Include="$(SourceDir)G72x\g72x_priv.h">
      <Filter>Header Files</Filter>
    </ClInclude>
    <ClInclude Include="$(SourceDir)G72x\g72x.h">
      <Filter>Header Files</Filter>
    </ClInclude>
    <ClInclude Include="$(SourceDir)ALAC\aglib.h">
      <Filter>Header Files</Filter>
    </ClInclude>
    <ClInclude Include="$(SourceDir)ALAC\alac_codec.h">
      <Filter>Header Files</Filter>
    </ClInclude>
    <ClInclude Include="$(SourceDir)ALAC\ALACAudioTypes.h">
      <Filter>Header Files</Filter>
    </ClInclude>
    <ClInclude Include="$(SourceDir)ALAC\ALACBitUtilities.h">
      <Filter>Header Files</Filter>
    </ClInclude>
    <ClInclude Include="$(SourceDir)ALAC\dplib.h">
      <Filter>Header Files</Filter>
    </ClInclude>
    <ClInclude Include="$(SourceDir)ALAC\EndianPortable.h">
      <Filter>Header Files</Filter>
    </ClInclude>
    <ClInclude Include="$(SourceDir)ALAC\matrixlib.h">
      <Filter>Header Files</Filter>
    </ClInclude>
    <ClInclude Include="$(SourceDir)ALAC\shift.h">
      <Filter>Header Files</Filter>
    </ClInclude>
    <ClInclude Include="$(SourceDir)GSM610\gsm.h">
      <Filter>Header Files</Filter>
    </ClInclude>
    <ClInclude Include="$(SourceDir)GSM610\gsm610_priv.h">
      <Filter>Header Files</Filter>
    </ClInclude>
    <ClInclude Include="$(SourceDir)config.h">
      <Filter>Header Files</Filter>
    </ClInclude>
  </ItemGroup>
  <ItemGroup>
    <None Include="$(SourceDir)..\INCLUDE\libsndfile-1_32.def">
      <Filter>Source Files</Filter>
    </None>
    <None Include="$(SourceDir)..\INCLUDE\libsndfile-1_64.def">
      <Filter>Source Files</Filter>
    </None>
  </ItemGroup>
</Project>