<?xml version="1.0" encoding="utf-8"?>
<Project ToolsVersion="4.0" xmlns="http://schemas.microsoft.com/developer/msbuild/2003">
  <ItemGroup>
    <Filter Include="Source Files">
      <UniqueIdentifier>{4FC737F1-C7A5-4376-A066-2A32D752A2FF}</UniqueIdentifier>
      <Extensions>cpp;c;cc;cxx;def;odl;idl;hpj;bat;asm;asmx</Extensions>
    </Filter>
    <Filter Include="Header Files">
      <UniqueIdentifier>{93995380-89BD-4b04-88EB-625FBE52EBFB}</UniqueIdentifier>
      <Extensions>h;hh;hpp;hxx;hm;inl;inc;ipp;xsd</Extensions>
    </Filter>
    <Filter Include="Resource Files">
      <UniqueIdentifier>{67DA6AB6-F800-4c08-8B7A-83BB121AAD01}</UniqueIdentifier>
      <Extensions>rc;ico;cur;bmp;dlg;rc2;rct;bin;rgs;gif;jpg;jpeg;jpe;resx;tiff;tif;png;wav;mfcribbon-ms</Extensions>
    </Filter>
  </ItemGroup>
  <ItemGroup>
    <ClInclude Include="$(SourceDir)lame_global_flags.h">
      <Filter>Header Files</Filter>
    </ClInclude>
    <ClInclude Include="$(SourceDir)version.h">
      <Filter>Header Files</Filter>
    </ClInclude>
    <ClInclude Include="$(SourceDir)machine.h">
      <Filter>Header Files</Filter>
    </ClInclude>
    <ClInclude Include="$(SourceDir)id3tag.h">
      <Filter>Header Files</Filter>
    </ClInclude>
    <ClInclude Include="$(SourceDir)util.h">
      <Filter>Header Files</Filter>
    </ClInclude>
    <ClInclude Include="$(SourceDir)l3side.h">
      <Filter>Header Files</Filter>
    </ClInclude>
    <ClInclude Include="$(SourceDir)bitstream.h">
      <Filter>Header Files</Filter>
    </ClInclude>
    <ClInclude Include="$(SourceDir)encoder.h">
      <Filter>Header Files</Filter>
    </ClInclude>
    <ClInclude Include="$(SourceDir)fft.h">
      <Filter>Header Files</Filter>
    </ClInclude>
    <ClInclude Include="$(SourceDir)lame-analysis.h">
      <Filter>Header Files</Filter>
    </ClInclude>
    <ClInclude Include="$(SourceDir)newmdct.h">
      <Filter>Header Files</Filter>
    </ClInclude>
    <ClInclude Include="$(SourceDir)psymodel.h">
      <Filter>Header Files</Filter>
    </ClInclude>
    <ClInclude Include="$(SourceDir)quantize.h">
      <Filter>Header Files</Filter>
    </ClInclude>
    <ClInclude Include="$(SourceDir)quantize_pvt.h">
      <Filter>Header Files</Filter>
    </ClInclude>
    <ClInclude Include="$(SourceDir)reservoir.h">
      <Filter>Header Files</Filter>
    </ClInclude>
    <ClInclude Include="$(SourceDir)set_get.h">
      <Filter>Header Files</Filter>
    </ClInclude>
    <ClInclude Include="$(SourceDir)tables.h">
      <Filter>Header Files</Filter>
    </ClInclude>
    <ClInclude Include="$(SourceDir)vbrquantize.h">
      <Filter>Header Files</Filter>
    </ClInclude>
    <ClInclude Include="$(SourceDir)VbrTag.h">
      <Filter>Header Files</Filter>
    </ClInclude>
    <ClInclude Include="$(SourceDir)gain_analysis.h">
      <Filter>Header Files</Filter>
    </ClInclude>
    <ClInclude Include="$(SourceDir)lameerror.h">
      <Filter>Header Files</Filter>
    </ClInclude>
  </ItemGroup>
  <ItemGroup>
    <ClCompile Include="$(SourceDir)gain_analysis.c">
      <Filter>Source Files</Filter>
    </ClCompile>
    <ClCompile Include="$(SourceDir)lame.c">
      <Filter>Source Files</Filter>
    </ClCompile>
    <ClCompile Include="$(SourceDir)psymodel.c">
      <Filter>Source Files</Filter>
    </ClCompile>
    <ClCompile Include="$(SourceDir)fft.c">
      <Filter>Source Files</Filter>
    </ClCompile>
    <ClCompile Include="$(SourceDir)id3tag.c">
      <Filter>Source Files</Filter>
    </ClCompile>
    <ClCompile Include="$(SourceDir)quantize_pvt.c">
      <Filter>Source Files</Filter>
    </ClCompile>
    <ClCompile Include="$(SourceDir)set_get.c">
      <Filter>Source Files</Filter>
    </ClCompile>
    <ClCompile Include="$(SourceDir)takehiro.c">
      <Filter>Source Files</Filter>
    </ClCompile>
    <ClCompile Include="$(SourceDir)util.c">
      <Filter>Source Files</Filter>
    </ClCompile>
    <ClCompile Include="$(SourceDir)bitstream.c">
      <Filter>Source Files</Filter>
    </ClCompile>
    <ClCompile Include="$(SourceDir)encoder.c">
      <Filter>Source Files</Filter>
    </ClCompile>
    <ClCompile Include="$(SourceDir)quantize.c">
      <Filter>Source Files</Filter>
    </ClCompile>
    <ClCompile Include="$(SourceDir)VbrTag.c">
      <Filter>Source Files</Filter>
    </ClCompile>
    <ClCompile Include="$(SourceDir)presets.c">
      <Filter>Source Files</Filter>
    </ClCompile>
    <ClCompile Include="$(SourceDir)mpglib_interface.c">
      <Filter>Source Files</Filter>
    </ClCompile>
    <ClCompile Include="$(SourceDir)vbrquantize.c">
      <Filter>Source Files</Filter>
    </ClCompile>
    <ClCompile Include="$(SourceDir)version.c">
      <Filter>Source Files</Filter>
    </ClCompile>
    <ClCompile Include="$(SourceDir)newmdct.c">
      <Filter>Source Files</Filter>
    </ClCompile>
    <ClCompile Include="$(SourceDir)reservoir.c">
      <Filter>Source Files</Filter>
    </ClCompile>
    <ClCompile Include="$(SourceDir)tables.c">
      <Filter>Source Files</Filter>
    </ClCompile>
    <ClCompile Include="$(SourceDir)vector\xmm_quantize_sub.c">
      <Filter>Source Files</Filter>
    </ClCompile>
  </ItemGroup>
  <ItemGroup>
    <ResourceCompile Include="$(SourceDir)lame.rc">
      <Filter>Resource Files</Filter>
    </ResourceCompile>
  </ItemGroup>
</Project>